
Microsoft Visual Studio Solution File, Format Version 11.00
# Visual Studio 2010
Project("{FAE04EC0-301F-11D3-BF4B-00C04F79EFBC}") = "SaveSync", "SaveSync\SaveSync.csproj", "{DBCC72EC-9137-458A-B104-0AF8F16FB57B}"
EndProject
Project("{6141683F-8A12-4E36-9623-2EB02B2C2303}") = "Setup", "Setup\Setup.isproj", "{2F9C622D-CE14-43B7-9DD0-1B8B781CD1ED}"
	ProjectSection(ProjectDependencies) = postProject
		{DBCC72EC-9137-458A-B104-0AF8F16FB57B} = {DBCC72EC-9137-458A-B104-0AF8F16FB57B}
	EndProjectSection
EndProject
Global
	GlobalSection(SolutionConfigurationPlatforms) = preSolution
		CD_ROM|x86 = CD_ROM|x86
		Debug|x86 = Debug|x86
		DVD-5|x86 = DVD-5|x86
		Release|x86 = Release|x86
		SingleImage|x86 = SingleImage|x86
	EndGlobalSection
	GlobalSection(ProjectConfigurationPlatforms) = postSolution
		{DBCC72EC-9137-458A-B104-0AF8F16FB57B}.CD_ROM|x86.ActiveCfg = Release|x86
		{DBCC72EC-9137-458A-B104-0AF8F16FB57B}.CD_ROM|x86.Build.0 = Release|x86
		{DBCC72EC-9137-458A-B104-0AF8F16FB57B}.Debug|x86.ActiveCfg = Debug|x86
		{DBCC72EC-9137-458A-B104-0AF8F16FB57B}.Debug|x86.Build.0 = Debug|x86
		{DBCC72EC-9137-458A-B104-0AF8F16FB57B}.DVD-5|x86.ActiveCfg = Debug|x86
		{DBCC72EC-9137-458A-B104-0AF8F16FB57B}.DVD-5|x86.Build.0 = Debug|x86
		{DBCC72EC-9137-458A-B104-0AF8F16FB57B}.Release|x86.ActiveCfg = Release|x86
		{DBCC72EC-9137-458A-B104-0AF8F16FB57B}.Release|x86.Build.0 = Release|x86
		{DBCC72EC-9137-458A-B104-0AF8F16FB57B}.SingleImage|x86.ActiveCfg = Release|x86
		{DBCC72EC-9137-458A-B104-0AF8F16FB57B}.SingleImage|x86.Build.0 = Release|x86
		{2F9C622D-CE14-43B7-9DD0-1B8B781CD1ED}.CD_ROM|x86.ActiveCfg = CD_ROM
		{2F9C622D-CE14-43B7-9DD0-1B8B781CD1ED}.CD_ROM|x86.Build.0 = CD_ROM
		{2F9C622D-CE14-43B7-9DD0-1B8B781CD1ED}.Debug|x86.ActiveCfg = DVD-5
		{2F9C622D-CE14-43B7-9DD0-1B8B781CD1ED}.Debug|x86.Build.0 = DVD-5
		{2F9C622D-CE14-43B7-9DD0-1B8B781CD1ED}.DVD-5|x86.ActiveCfg = DVD-5
		{2F9C622D-CE14-43B7-9DD0-1B8B781CD1ED}.DVD-5|x86.Build.0 = DVD-5
		{2F9C622D-CE14-43B7-9DD0-1B8B781CD1ED}.Release|x86.ActiveCfg = SingleImage
		{2F9C622D-CE14-43B7-9DD0-1B8B781CD1ED}.Release|x86.Build.0 = SingleImage
		{2F9C622D-CE14-43B7-9DD0-1B8B781CD1ED}.SingleImage|x86.ActiveCfg = SingleImage
		{2F9C622D-CE14-43B7-9DD0-1B8B781CD1ED}.SingleImage|x86.Build.0 = SingleImage
	EndGlobalSection
	GlobalSection(SolutionProperties) = preSolution
		HideSolutionNode = FALSE
	EndGlobalSection
EndGlobal
